bou.ke/monkey v1.0.2 h1:kWcnsrCNUatbxncxR/ThdYqbytgOIArtYWqcQLQzKLI=
bou.ke/monkey v1.0.2/go.mod h1:OqickVX3tNx6t33n1xvtTtu85YN5s6cKwVug+oHMaIA=
github.com/AlaxLee/go-forceexport v1.0.3 h1:FSbXneRFrg6hsijHngyQS8IbBqRKXRwODdJcc3p4Fkg=
github.com/AlaxLee/go-forceexport v1.0.3/go.mod h1:T0Oy87zSSV0TpKOjTtED4kRjAjVAZEb70q8h0A+1XRs=
github.com/chzyer/logex v1.1.10/go.mod h1:+Ywpsq7O8HXn0nuIou7OrIPyXbp3wmkHB+jjWRnGsAI=
github.com/chzyer/readline v0.0.0-20180603132655-2972be24d48e/go.mod h1:nSuG5e5PlCu98SY8svDHJxuZscDgtXS6KTTbou5AhLI=
github.com/chzyer/test v0.0.0-20180213035817-a1ea475d72b1/go.mod h1:Q3SI9o4m/ZMnBNeIyt5eFwwo7qiLfzFZmjNmxjkiQlU=
github.com/lsg2020/go-forceexport v1.0.5 h1:LoVkOUxNPTbA/K/Y92DPosThc9RgFX0eMNy0pcIdxCg=
github.com/lsg2020/go-forceexport v1.0.5/go.mod h1:SmJBChL4vobIiysg2oQuCjJyFurNxKkHB9EyTe58ULU=
github.com/yuin/gopher-lua v0.0.0-20210529063254-f4c35e4016d9 h1:k/gmLsJDWwWqbLCur2yWnJzwQEKRcAHXo6seXGuSwWw=
github.com/yuin/gopher-lua v0.0.0-20210529063254-f4c35e4016d9/go.mod h1:E1AXubJBdNmFERAOucpDIxNzeGfLzg0mYh+UfMWdChA=
github.com/zeebo/errs v1.1.1 h1:Cs5Noqj/tj3Ql/hLkD9WdumKlssx/IN2zr7CRGNOKZA=
github.com/zeebo/errs v1.1.1/go.mod h1:Yj8dHrUQwls1bF3dr/vcSIu+qf4mI7idnTcHfoACc6I=
github.com/zeebo/goof v0.0.0-20190312211016-1ee209ef0510 h1:qpkxRWwY0WZTmKz3jxOdukKtEA15Co7s4/OGGLNX6u0=
github.com/zeebo/goof v0.0.0-20190312211016-1ee209ef0510/go.mod h1:h/IWbAMYNggCHjrBfg8R02EfC5r1h4pe8b8p+kCB0KI=
golang.org/x/sys v0.0.0-20190204203706-41f3e6584952/go.mod h1:STP8DvDyc/dI5b8T5hshtkjS+E42TnysNCUPdjciGhY=
